PODS:
  - FBSnapshotTestCase (2.1.4):
    - FBSnapshotTestCase/SwiftSupport (= 2.1.4)
  - FBSnapshotTestCase/Core (2.1.4)
  - FBSnapshotTestCase/SwiftSupport (2.1.4):
    - FBSnapshotTestCase/Core
  - GMLFPSManager (0.1.0)

DEPENDENCIES:
  - FBSnapshotTestCase
  - GMLFPSManager (from `../`)

SPEC REPOS:
  trunk:
    - FBSnapshotTestCase

EXTERNAL SOURCES:
  GMLFPSManager:
    :path: "../"

SPEC CHECKSUMS:
  FBSnapshotTestCase: 094f9f314decbabe373b87cc339bea235a63e07a
  GMLFPSManager: ad7b0962dce158ac5682a0b4361dc7b0becf3918

PODFILE CHECKSUM: 32514bd0b103884e00de4ad94d8a0fed76ab8e9c

COCOAPODS: 1.8.4
